
Microsoft Visual Studio Solution File, Format Version 12.00
# Visual Studio Version 17
VisualStudioVersion = 17.0.31903.59
MinimumVisualStudioVersion = 10.0.40219.1
Project("{2150E333-8FDC-42A3-9474-1A3956D46DE8}") = "Backend", "Backend", "{1AE8ACA6-933B-BF2A-3671-3E2EAC007D16}"
EndProject
Project("{FAE04EC0-301F-11D3-BF4B-00C04F79EFBC}") = "ToDoX.API", "Backend\ToDoX.API\ToDoX.API.csproj", "{551548EC-69B4-452D-835D-54E3B14CED4C}"
EndProject
Project("{2150E333-8FDC-42A3-9474-1A3956D46DE8}") = "Modules", "Modules", "{95AF1480-9F84-72C8-4930-CB7FF39A86E3}"
EndProject
Project("{2150E333-8FDC-42A3-9474-1A3956D46DE8}") = "PlansModule", "PlansModule", "{6235D394-E096-A186-E4FD-531B866E7007}"
EndProject
Project("{FAE04EC0-301F-11D3-BF4B-00C04F79EFBC}") = "Plans.Core", "Backend\Modules\PlansModule\Plans.Core\Plans.Core.csproj", "{1672C955-B620-48D6-B4CE-60E5FFA96BC0}"
EndProject
Project("{FAE04EC0-301F-11D3-BF4B-00C04F79EFBC}") = "Plans.Infrastructure", "Backend\Modules\PlansModule\Plans.Infrastructure\Plans.Infrastructure.csproj", "{38787033-A8A8-44EB-892A-9E88DBBF33F1}"
EndProject
Project("{FAE04EC0-301F-11D3-BF4B-00C04F79EFBC}") = "Plans.API", "Backend\Modules\PlansModule\Plans.API\Plans.API.csproj", "{DF6018BD-C4B2-45DA-A2C5-46FD32283CCC}"
EndProject
Project("{2150E333-8FDC-42A3-9474-1A3956D46DE8}") = "SharedModules", "SharedModules", "{919C98D5-9B9D-07EC-DC1F-8BEFB10B5154}"
EndProject
Project("{FAE04EC0-301F-11D3-BF4B-00C04F79EFBC}") = "ToDoX.Infrastructure", "Backend\Modules\SharedModules\ToDoX.Infrastructure\ToDoX.Infrastructure.csproj", "{9ACE9000-720D-427D-A9CA-CA2F25109A18}"
EndProject
Project("{FAE04EC0-301F-11D3-BF4B-00C04F79EFBC}") = "Plans.Application", "Backend\Modules\PlansModule\Plans.Application\Plans.Application.csproj", "{9E73C023-E36E-43F8-950D-F2A011CB31E4}"
EndProject
Project("{2150E333-8FDC-42A3-9474-1A3956D46DE8}") = "AccountModule", "AccountModule", "{90EA8AE3-0696-6C70-FF20-DEC8C22F61E0}"
EndProject
Project("{FAE04EC0-301F-11D3-BF4B-00C04F79EFBC}") = "Account.API", "Backend\Modules\AccountModule\Account.API\Account.API.csproj", "{5CB58D15-0D60-4F3E-B067-300411141E60}"
EndProject
Project("{FAE04EC0-301F-11D3-BF4B-00C04F79EFBC}") = "Account.Application", "Backend\Modules\AccountModule\Account.Application\Account.Application.csproj", "{A5DD1EFF-3282-4A70-B6CC-0B5A20D70AA8}"
EndProject
Project("{FAE04EC0-301F-11D3-BF4B-00C04F79EFBC}") = "Account.Infrastructure", "Backend\Modules\AccountModule\Account.Infrastructure\Account.Infrastructure.csproj", "{82391C03-6592-467E-835F-2D916288B1AC}"
EndProject
Project("{FAE04EC0-301F-11D3-BF4B-00C04F79EFBC}") = "Account.Core", "Backend\Modules\AccountModule\Account.Core\Account.Core.csproj", "{5FCD77A7-0CEC-4E7D-9D08-D8C585A25EAF}"
EndProject
Project("{FAE04EC0-301F-11D3-BF4B-00C04F79EFBC}") = "ToDoX.Shared.Web", "Backend\Modules\SharedModules\ToDoX.Shared.Core\ToDoX.Shared.Web.csproj", "{665BECB0-656F-4375-B358-8A9484B79CA8}"
EndProject
Project("{FAE04EC0-301F-11D3-BF4B-00C04F79EFBC}") = "Plans.Shared", "Backend\Modules\PlansModule\Plans.Shared\Plans.Shared.csproj", "{0D05CB5C-E418-489B-BF28-7F8A0F875ED4}"
EndProject
Global
	GlobalSection(SolutionConfigurationPlatforms) = preSolution
		Debug|Any CPU = Debug|Any CPU
		Debug|x64 = Debug|x64
		Debug|x86 = Debug|x86
		Release|Any CPU = Release|Any CPU
		Release|x64 = Release|x64
		Release|x86 = Release|x86
	EndGlobalSection
	GlobalSection(ProjectConfigurationPlatforms) = postSolution
		{551548EC-69B4-452D-835D-54E3B14CED4C}.Debug|Any CPU.ActiveCfg = Debug|Any CPU
		{551548EC-69B4-452D-835D-54E3B14CED4C}.Debug|Any CPU.Build.0 = Debug|Any CPU
		{551548EC-69B4-452D-835D-54E3B14CED4C}.Debug|x64.ActiveCfg = Debug|Any CPU
		{551548EC-69B4-452D-835D-54E3B14CED4C}.Debug|x64.Build.0 = Debug|Any CPU
		{551548EC-69B4-452D-835D-54E3B14CED4C}.Debug|x86.ActiveCfg = Debug|Any CPU
		{551548EC-69B4-452D-835D-54E3B14CED4C}.Debug|x86.Build.0 = Debug|Any CPU
		{551548EC-69B4-452D-835D-54E3B14CED4C}.Release|Any CPU.ActiveCfg = Release|Any CPU
		{551548EC-69B4-452D-835D-54E3B14CED4C}.Release|Any CPU.Build.0 = Release|Any CPU
		{551548EC-69B4-452D-835D-54E3B14CED4C}.Release|x64.ActiveCfg = Release|Any CPU
		{551548EC-69B4-452D-835D-54E3B14CED4C}.Release|x64.Build.0 = Release|Any CPU
		{551548EC-69B4-452D-835D-54E3B14CED4C}.Release|x86.ActiveCfg = Release|Any CPU
		{551548EC-69B4-452D-835D-54E3B14CED4C}.Release|x86.Build.0 = Release|Any CPU
		{1672C955-B620-48D6-B4CE-60E5FFA96BC0}.Debug|Any CPU.ActiveCfg = Debug|Any CPU
		{1672C955-B620-48D6-B4CE-60E5FFA96BC0}.Debug|Any CPU.Build.0 = Debug|Any CPU
		{1672C955-B620-48D6-B4CE-60E5FFA96BC0}.Debug|x64.ActiveCfg = Debug|Any CPU
		{1672C955-B620-48D6-B4CE-60E5FFA96BC0}.Debug|x64.Build.0 = Debug|Any CPU
		{1672C955-B620-48D6-B4CE-60E5FFA96BC0}.Debug|x86.ActiveCfg = Debug|Any CPU
		{1672C955-B620-48D6-B4CE-60E5FFA96BC0}.Debug|x86.Build.0 = Debug|Any CPU
		{1672C955-B620-48D6-B4CE-60E5FFA96BC0}.Release|Any CPU.ActiveCfg = Release|Any CPU
		{1672C955-B620-48D6-B4CE-60E5FFA96BC0}.Release|Any CPU.Build.0 = Release|Any CPU
		{1672C955-B620-48D6-B4CE-60E5FFA96BC0}.Release|x64.ActiveCfg = Release|Any CPU
		{1672C955-B620-48D6-B4CE-60E5FFA96BC0}.Release|x64.Build.0 = Release|Any CPU
		{1672C955-B620-48D6-B4CE-60E5FFA96BC0}.Release|x86.ActiveCfg = Release|Any CPU
		{1672C955-B620-48D6-B4CE-60E5FFA96BC0}.Release|x86.Build.0 = Release|Any CPU
		{38787033-A8A8-44EB-892A-9E88DBBF33F1}.Debug|Any CPU.ActiveCfg = Debug|Any CPU
		{38787033-A8A8-44EB-892A-9E88DBBF33F1}.Debug|Any CPU.Build.0 = Debug|Any CPU
		{38787033-A8A8-44EB-892A-9E88DBBF33F1}.Debug|x64.ActiveCfg = Debug|Any CPU
		{38787033-A8A8-44EB-892A-9E88DBBF33F1}.Debug|x64.Build.0 = Debug|Any CPU
		{38787033-A8A8-44EB-892A-9E88DBBF33F1}.Debug|x86.ActiveCfg = Debug|Any CPU
		{38787033-A8A8-44EB-892A-9E88DBBF33F1}.Debug|x86.Build.0 = Debug|Any CPU
		{38787033-A8A8-44EB-892A-9E88DBBF33F1}.Release|Any CPU.ActiveCfg = Release|Any CPU
		{38787033-A8A8-44EB-892A-9E88DBBF33F1}.Release|Any CPU.Build.0 = Release|Any CPU
		{38787033-A8A8-44EB-892A-9E88DBBF33F1}.Release|x64.ActiveCfg = Release|Any CPU
		{38787033-A8A8-44EB-892A-9E88DBBF33F1}.Release|x64.Build.0 = Release|Any CPU
		{38787033-A8A8-44EB-892A-9E88DBBF33F1}.Release|x86.ActiveCfg = Release|Any CPU
		{38787033-A8A8-44EB-892A-9E88DBBF33F1}.Release|x86.Build.0 = Release|Any CPU
		{DF6018BD-C4B2-45DA-A2C5-46FD32283CCC}.Debug|Any CPU.ActiveCfg = Debug|Any CPU
		{DF6018BD-C4B2-45DA-A2C5-46FD32283CCC}.Debug|Any CPU.Build.0 = Debug|Any CPU
		{DF6018BD-C4B2-45DA-A2C5-46FD32283CCC}.Debug|x64.ActiveCfg = Debug|Any CPU
		{DF6018BD-C4B2-45DA-A2C5-46FD32283CCC}.Debug|x64.Build.0 = Debug|Any CPU
		{DF6018BD-C4B2-45DA-A2C5-46FD32283CCC}.Debug|x86.ActiveCfg = Debug|Any CPU
		{DF6018BD-C4B2-45DA-A2C5-46FD32283CCC}.Debug|x86.Build.0 = Debug|Any CPU
		{DF6018BD-C4B2-45DA-A2C5-46FD32283CCC}.Release|Any CPU.ActiveCfg = Release|Any CPU
		{DF6018BD-C4B2-45DA-A2C5-46FD32283CCC}.Release|Any CPU.Build.0 = Release|Any CPU
		{DF6018BD-C4B2-45DA-A2C5-46FD32283CCC}.Release|x64.ActiveCfg = Release|Any CPU
		{DF6018BD-C4B2-45DA-A2C5-46FD32283CCC}.Release|x64.Build.0 = Release|Any CPU
		{DF6018BD-C4B2-45DA-A2C5-46FD32283CCC}.Release|x86.ActiveCfg = Release|Any CPU
		{DF6018BD-C4B2-45DA-A2C5-46FD32283CCC}.Release|x86.Build.0 = Release|Any CPU
		{9ACE9000-720D-427D-A9CA-CA2F25109A18}.Debug|Any CPU.ActiveCfg = Debug|Any CPU
		{9ACE9000-720D-427D-A9CA-CA2F25109A18}.Debug|Any CPU.Build.0 = Debug|Any CPU
		{9ACE9000-720D-427D-A9CA-CA2F25109A18}.Debug|x64.ActiveCfg = Debug|Any CPU
		{9ACE9000-720D-427D-A9CA-CA2F25109A18}.Debug|x64.Build.0 = Debug|Any CPU
		{9ACE9000-720D-427D-A9CA-CA2F25109A18}.Debug|x86.ActiveCfg = Debug|Any CPU
		{9ACE9000-720D-427D-A9CA-CA2F25109A18}.Debug|x86.Build.0 = Debug|Any CPU
		{9ACE9000-720D-427D-A9CA-CA2F25109A18}.Release|Any CPU.ActiveCfg = Release|Any CPU
		{9ACE9000-720D-427D-A9CA-CA2F25109A18}.Release|Any CPU.Build.0 = Release|Any CPU
		{9ACE9000-720D-427D-A9CA-CA2F25109A18}.Release|x64.ActiveCfg = Release|Any CPU
		{9ACE9000-720D-427D-A9CA-CA2F25109A18}.Release|x64.Build.0 = Release|Any CPU
		{9ACE9000-720D-427D-A9CA-CA2F25109A18}.Release|x86.ActiveCfg = Release|Any CPU
		{9ACE9000-720D-427D-A9CA-CA2F25109A18}.Release|x86.Build.0 = Release|Any CPU
		{9E73C023-E36E-43F8-950D-F2A011CB31E4}.Debug|Any CPU.ActiveCfg = Debug|Any CPU
		{9E73C023-E36E-43F8-950D-F2A011CB31E4}.Debug|Any CPU.Build.0 = Debug|Any CPU
		{9E73C023-E36E-43F8-950D-F2A011CB31E4}.Debug|x64.ActiveCfg = Debug|Any CPU
		{9E73C023-E36E-43F8-950D-F2A011CB31E4}.Debug|x64.Build.0 = Debug|Any CPU
		{9E73C023-E36E-43F8-950D-F2A011CB31E4}.Debug|x86.ActiveCfg = Debug|Any CPU
		{9E73C023-E36E-43F8-950D-F2A011CB31E4}.Debug|x86.Build.0 = Debug|Any CPU
		{9E73C023-E36E-43F8-950D-F2A011CB31E4}.Release|Any CPU.ActiveCfg = Release|Any CPU
		{9E73C023-E36E-43F8-950D-F2A011CB31E4}.Release|Any CPU.Build.0 = Release|Any CPU
		{9E73C023-E36E-43F8-950D-F2A011CB31E4}.Release|x64.ActiveCfg = Release|Any CPU
		{9E73C023-E36E-43F8-950D-F2A011CB31E4}.Release|x64.Build.0 = Release|Any CPU
		{9E73C023-E36E-43F8-950D-F2A011CB31E4}.Release|x86.ActiveCfg = Release|Any CPU
		{9E73C023-E36E-43F8-950D-F2A011CB31E4}.Release|x86.Build.0 = Release|Any CPU
		{5CB58D15-0D60-4F3E-B067-300411141E60}.Debug|Any CPU.ActiveCfg = Debug|Any CPU
		{5CB58D15-0D60-4F3E-B067-300411141E60}.Debug|Any CPU.Build.0 = Debug|Any CPU
		{5CB58D15-0D60-4F3E-B067-300411141E60}.Debug|x64.ActiveCfg = Debug|Any CPU
		{5CB58D15-0D60-4F3E-B067-300411141E60}.Debug|x64.Build.0 = Debug|Any CPU
		{5CB58D15-0D60-4F3E-B067-300411141E60}.Debug|x86.ActiveCfg = Debug|Any CPU
		{5CB58D15-0D60-4F3E-B067-300411141E60}.Debug|x86.Build.0 = Debug|Any CPU
		{5CB58D15-0D60-4F3E-B067-300411141E60}.Release|Any CPU.ActiveCfg = Release|Any CPU
		{5CB58D15-0D60-4F3E-B067-300411141E60}.Release|Any CPU.Build.0 = Release|Any CPU
		{5CB58D15-0D60-4F3E-B067-300411141E60}.Release|x64.ActiveCfg = Release|Any CPU
		{5CB58D15-0D60-4F3E-B067-300411141E60}.Release|x64.Build.0 = Release|Any CPU
		{5CB58D15-0D60-4F3E-B067-300411141E60}.Release|x86.ActiveCfg = Release|Any CPU
		{5CB58D15-0D60-4F3E-B067-300411141E60}.Release|x86.Build.0 = Release|Any CPU
		{A5DD1EFF-3282-4A70-B6CC-0B5A20D70AA8}.Debug|Any CPU.ActiveCfg = Debug|Any CPU
		{A5DD1EFF-3282-4A70-B6CC-0B5A20D70AA8}.Debug|Any CPU.Build.0 = Debug|Any CPU
		{A5DD1EFF-3282-4A70-B6CC-0B5A20D70AA8}.Debug|x64.ActiveCfg = Debug|Any CPU
		{A5DD1EFF-3282-4A70-B6CC-0B5A20D70AA8}.Debug|x64.Build.0 = Debug|Any CPU
		{A5DD1EFF-3282-4A70-B6CC-0B5A20D70AA8}.Debug|x86.ActiveCfg = Debug|Any CPU
		{A5DD1EFF-3282-4A70-B6CC-0B5A20D70AA8}.Debug|x86.Build.0 = Debug|Any CPU
		{A5DD1EFF-3282-4A70-B6CC-0B5A20D70AA8}.Release|Any CPU.ActiveCfg = Release|Any CPU
		{A5DD1EFF-3282-4A70-B6CC-0B5A20D70AA8}.Release|Any CPU.Build.0 = Release|Any CPU
		{A5DD1EFF-3282-4A70-B6CC-0B5A20D70AA8}.Release|x64.ActiveCfg = Release|Any CPU
		{A5DD1EFF-3282-4A70-B6CC-0B5A20D70AA8}.Release|x64.Build.0 = Release|Any CPU
		{A5DD1EFF-3282-4A70-B6CC-0B5A20D70AA8}.Release|x86.ActiveCfg = Release|Any CPU
		{A5DD1EFF-3282-4A70-B6CC-0B5A20D70AA8}.Release|x86.Build.0 = Release|Any CPU
		{82391C03-6592-467E-835F-2D916288B1AC}.Debug|Any CPU.ActiveCfg = Debug|Any CPU
		{82391C03-6592-467E-835F-2D916288B1AC}.Debug|Any CPU.Build.0 = Debug|Any CPU
		{82391C03-6592-467E-835F-2D916288B1AC}.Debug|x64.ActiveCfg = Debug|Any CPU
		{82391C03-6592-467E-835F-2D916288B1AC}.Debug|x64.Build.0 = Debug|Any CPU
		{82391C03-6592-467E-835F-2D916288B1AC}.Debug|x86.ActiveCfg = Debug|Any CPU
		{82391C03-6592-467E-835F-2D916288B1AC}.Debug|x86.Build.0 = Debug|Any CPU
		{82391C03-6592-467E-835F-2D916288B1AC}.Release|Any CPU.ActiveCfg = Release|Any CPU
		{82391C03-6592-467E-835F-2D916288B1AC}.Release|Any CPU.Build.0 = Release|Any CPU
		{82391C03-6592-467E-835F-2D916288B1AC}.Release|x64.ActiveCfg = Release|Any CPU
		{82391C03-6592-467E-835F-2D916288B1AC}.Release|x64.Build.0 = Release|Any CPU
		{82391C03-6592-467E-835F-2D916288B1AC}.Release|x86.ActiveCfg = Release|Any CPU
		{82391C03-6592-467E-835F-2D916288B1AC}.Release|x86.Build.0 = Release|Any CPU
		{5FCD77A7-0CEC-4E7D-9D08-D8C585A25EAF}.Debug|Any CPU.ActiveCfg = Debug|Any CPU
		{5FCD77A7-0CEC-4E7D-9D08-D8C585A25EAF}.Debug|Any CPU.Build.0 = Debug|Any CPU
		{5FCD77A7-0CEC-4E7D-9D08-D8C585A25EAF}.Debug|x64.ActiveCfg = Debug|Any CPU
		{5FCD77A7-0CEC-4E7D-9D08-D8C585A25EAF}.Debug|x64.Build.0 = Debug|Any CPU
		{5FCD77A7-0CEC-4E7D-9D08-D8C585A25EAF}.Debug|x86.ActiveCfg = Debug|Any CPU
		{5FCD77A7-0CEC-4E7D-9D08-D8C585A25EAF}.Debug|x86.Build.0 = Debug|Any CPU
		{5FCD77A7-0CEC-4E7D-9D08-D8C585A25EAF}.Release|Any CPU.ActiveCfg = Release|Any CPU
		{5FCD77A7-0CEC-4E7D-9D08-D8C585A25EAF}.Release|Any CPU.Build.0 = Release|Any CPU
		{5FCD77A7-0CEC-4E7D-9D08-D8C585A25EAF}.Release|x64.ActiveCfg = Release|Any CPU
		{5FCD77A7-0CEC-4E7D-9D08-D8C585A25EAF}.Release|x64.Build.0 = Release|Any CPU
		{5FCD77A7-0CEC-4E7D-9D08-D8C585A25EAF}.Release|x86.ActiveCfg = Release|Any CPU
		{5FCD77A7-0CEC-4E7D-9D08-D8C585A25EAF}.Release|x86.Build.0 = Release|Any CPU
		{665BECB0-656F-4375-B358-8A9484B79CA8}.Debug|Any CPU.ActiveCfg = Debug|Any CPU
		{665BECB0-656F-4375-B358-8A9484B79CA8}.Debug|Any CPU.Build.0 = Debug|Any CPU
		{665BECB0-656F-4375-B358-8A9484B79CA8}.Debug|x64.ActiveCfg = Debug|Any CPU
		{665BECB0-656F-4375-B358-8A9484B79CA8}.Debug|x64.Build.0 = Debug|Any CPU
		{665BECB0-656F-4375-B358-8A9484B79CA8}.Debug|x86.ActiveCfg = Debug|Any CPU
		{665BECB0-656F-4375-B358-8A9484B79CA8}.Debug|x86.Build.0 = Debug|Any CPU
		{665BECB0-656F-4375-B358-8A9484B79CA8}.Release|Any CPU.ActiveCfg = Release|Any CPU
		{665BECB0-656F-4375-B358-8A9484B79CA8}.Release|Any CPU.Build.0 = Release|Any CPU
		{665BECB0-656F-4375-B358-8A9484B79CA8}.Release|x64.ActiveCfg = Release|Any CPU
		{665BECB0-656F-4375-B358-8A9484B79CA8}.Release|x64.Build.0 = Release|Any CPU
		{665BECB0-656F-4375-B358-8A9484B79CA8}.Release|x86.ActiveCfg = Release|Any CPU
		{665BECB0-656F-4375-B358-8A9484B79CA8}.Release|x86.Build.0 = Release|Any CPU
		{0D05CB5C-E418-489B-BF28-7F8A0F875ED4}.Debug|Any CPU.ActiveCfg = Debug|Any CPU
		{0D05CB5C-E418-489B-BF28-7F8A0F875ED4}.Debug|Any CPU.Build.0 = Debug|Any CPU
		{0D05CB5C-E418-489B-BF28-7F8A0F875ED4}.Debug|x64.ActiveCfg = Debug|Any CPU
		{0D05CB5C-E418-489B-BF28-7F8A0F875ED4}.Debug|x64.Build.0 = Debug|Any CPU
		{0D05CB5C-E418-489B-BF28-7F8A0F875ED4}.Debug|x86.ActiveCfg = Debug|Any CPU
		{0D05CB5C-E418-489B-BF28-7F8A0F875ED4}.Debug|x86.Build.0 = Debug|Any CPU
		{0D05CB5C-E418-489B-BF28-7F8A0F875ED4}.Release|Any CPU.ActiveCfg = Release|Any CPU
		{0D05CB5C-E418-489B-BF28-7F8A0F875ED4}.Release|Any CPU.Build.0 = Release|Any CPU
		{0D05CB5C-E418-489B-BF28-7F8A0F875ED4}.Release|x64.ActiveCfg = Release|Any CPU
		{0D05CB5C-E418-489B-BF28-7F8A0F875ED4}.Release|x64.Build.0 = Release|Any CPU
		{0D05CB5C-E418-489B-BF28-7F8A0F875ED4}.Release|x86.ActiveCfg = Release|Any CPU
		{0D05CB5C-E418-489B-BF28-7F8A0F875ED4}.Release|x86.Build.0 = Release|Any CPU
	EndGlobalSection
	GlobalSection(SolutionProperties) = preSolution
		HideSolutionNode = FALSE
	EndGlobalSection
	GlobalSection(NestedProjects) = preSolution
		{551548EC-69B4-452D-835D-54E3B14CED4C} = {1AE8ACA6-933B-BF2A-3671-3E2EAC007D16}
		{95AF1480-9F84-72C8-4930-CB7FF39A86E3} = {1AE8ACA6-933B-BF2A-3671-3E2EAC007D16}
		{6235D394-E096-A186-E4FD-531B866E7007} = {95AF1480-9F84-72C8-4930-CB7FF39A86E3}
		{1672C955-B620-48D6-B4CE-60E5FFA96BC0} = {95AF1480-9F84-72C8-4930-CB7FF39A86E3}
		{38787033-A8A8-44EB-892A-9E88DBBF33F1} = {95AF1480-9F84-72C8-4930-CB7FF39A86E3}
		{DF6018BD-C4B2-45DA-A2C5-46FD32283CCC} = {6235D394-E096-A186-E4FD-531B866E7007}
		{919C98D5-9B9D-07EC-DC1F-8BEFB10B5154} = {95AF1480-9F84-72C8-4930-CB7FF39A86E3}
		{9ACE9000-720D-427D-A9CA-CA2F25109A18} = {919C98D5-9B9D-07EC-DC1F-8BEFB10B5154}
		{9E73C023-E36E-43F8-950D-F2A011CB31E4} = {6235D394-E096-A186-E4FD-531B866E7007}
		{90EA8AE3-0696-6C70-FF20-DEC8C22F61E0} = {95AF1480-9F84-72C8-4930-CB7FF39A86E3}
		{5CB58D15-0D60-4F3E-B067-300411141E60} = {90EA8AE3-0696-6C70-FF20-DEC8C22F61E0}
		{A5DD1EFF-3282-4A70-B6CC-0B5A20D70AA8} = {90EA8AE3-0696-6C70-FF20-DEC8C22F61E0}
		{82391C03-6592-467E-835F-2D916288B1AC} = {90EA8AE3-0696-6C70-FF20-DEC8C22F61E0}
		{5FCD77A7-0CEC-4E7D-9D08-D8C585A25EAF} = {90EA8AE3-0696-6C70-FF20-DEC8C22F61E0}
		{665BECB0-656F-4375-B358-8A9484B79CA8} = {919C98D5-9B9D-07EC-DC1F-8BEFB10B5154}
		{0D05CB5C-E418-489B-BF28-7F8A0F875ED4} = {6235D394-E096-A186-E4FD-531B866E7007}
	EndGlobalSection
EndGlobal
